// !$*UTF8*$!
{
	archiveVersion = 1;
	classes = {
	};
	objectVersion = 50;
	objects = {

/* Begin PBXBuildFile section */
		AA013DBE23A3E84D00EFFF51 /* GJContactDetailRouter.swift in Sources */ = {isa = PBXBuildFile; fileRef = AA013DBD23A3E84D00EFFF51 /* GJContactDetailRouter.swift */; };
		AA013DC023A3E8B200EFFF51 /* GJContactDetailsVC.swift in Sources */ = {isa = PBXBuildFile; fileRef = AA013DBF23A3E8B200EFFF51 /* GJContactDetailsVC.swift */; };
		AA013DC223A3E8E500EFFF51 /* GJContactDetailsVM.swift in Sources */ = {isa = PBXBuildFile; fileRef = AA013DC123A3E8E500EFFF51 /* GJContactDetailsVM.swift */; };
		AA013DC423A3E91300EFFF51 /* GJContactDetailsTableCell.swift in Sources */ = {isa = PBXBuildFile; fileRef = AA013DC323A3E91300EFFF51 /* GJContactDetailsTableCell.swift */; };
		AA013DC623A3F2F400EFFF51 /* GJEditContactTableCell.swift in Sources */ = {isa = PBXBuildFile; fileRef = AA013DC523A3F2F400EFFF51 /* GJEditContactTableCell.swift */; };
		AA013DC823A3F36300EFFF51 /* GJEditContactVM.swift in Sources */ = {isa = PBXBuildFile; fileRef = AA013DC723A3F36300EFFF51 /* GJEditContactVM.swift */; };
		AA013DCA23A3F43100EFFF51 /* GJEditContactVC.swift in Sources */ = {isa = PBXBuildFile; fileRef = AA013DC923A3F43100EFFF51 /* GJEditContactVC.swift */; };
		AA013DCC23A40B4800EFFF51 /* MockAPIService.swift in Sources */ = {isa = PBXBuildFile; fileRef = AA013DCB23A40B4800EFFF51 /* MockAPIService.swift */; };
		AA013DCE23A40C3800EFFF51 /* GJNetworkHanldlerTC.swift in Sources */ = {isa = PBXBuildFile; fileRef = AA013DCD23A40C3800EFFF51 /* GJNetworkHanldlerTC.swift */; };
		AA013DD023A40D2300EFFF51 /* GJContactListTC.swift in Sources */ = {isa = PBXBuildFile; fileRef = AA013DCF23A40D2300EFFF51 /* GJContactListTC.swift */; };
		AA013DD223A40D3600EFFF51 /* GJContactDetailsTC.swift in Sources */ = {isa = PBXBuildFile; fileRef = AA013DD123A40D3600EFFF51 /* GJContactDetailsTC.swift */; };
		AA013DD423A40D5100EFFF51 /* GJEditContactTC.swift in Sources */ = {isa = PBXBuildFile; fileRef = AA013DD323A40D5100EFFF51 /* GJEditContactTC.swift */; };
		AA0A98E123A0E10B00822CDF /* GJAPIService.swift in Sources */ = {isa = PBXBuildFile; fileRef = AA0A98E023A0E10B00822CDF /* GJAPIService.swift */; };
		AA0A98E323A0E12100822CDF /* GJAPIRequest.swift in Sources */ = {isa = PBXBuildFile; fileRef = AA0A98E223A0E12100822CDF /* GJAPIRequest.swift */; };
		AA0A98E623A0F42700822CDF /* GJContact.swift in Sources */ = {isa = PBXBuildFile; fileRef = AA0A98E523A0F42700822CDF /* GJContact.swift */; };
		AA0A98E823A0F49300822CDF /* GJNetworkManager.swift in Sources */ = {isa = PBXBuildFile; fileRef = AA0A98E723A0F49300822CDF /* GJNetworkManager.swift */; };
		AA0A98EB23A14C8000822CDF /* GJContactListMockResponse.json in Resources */ = {isa = PBXBuildFile; fileRef = AA0A98E923A14C7F00822CDF /* GJContactListMockResponse.json */; };
		AA0A98EC23A14C8000822CDF /* GJContactDetailsResponse.json in Resources */ = {isa = PBXBuildFile; fileRef = AA0A98EA23A14C7F00822CDF /* GJContactDetailsResponse.json */; };
		AA0A98F523A2716E00822CDF /* GJBaseViewController.swift in Sources */ = {isa = PBXBuildFile; fileRef = AA0A98F423A2716E00822CDF /* GJBaseViewController.swift */; };
		AA0A98F723A271D300822CDF /* GJImageView.swift in Sources */ = {isa = PBXBuildFile; fileRef = AA0A98F623A271D300822CDF /* GJImageView.swift */; };
		AA0A98FD23A2740E00822CDF /* GJContactListingVC.swift in Sources */ = {isa = PBXBuildFile; fileRef = AA0A98FC23A2740E00822CDF /* GJContactListingVC.swift */; };
		AA0A98FF23A2742700822CDF /* GJContactListVM.swift in Sources */ = {isa = PBXBuildFile; fileRef = AA0A98FE23A2742700822CDF /* GJContactListVM.swift */; };
		AA0A990123A2744600822CDF /* GJContactListTableCell.swift in Sources */ = {isa = PBXBuildFile; fileRef = AA0A990023A2744600822CDF /* GJContactListTableCell.swift */; };
		AA0A990323A2746500822CDF /* GJContactListRouter.swift in Sources */ = {isa = PBXBuildFile; fileRef = AA0A990223A2746500822CDF /* GJContactListRouter.swift */; };
		AAE88E1523A0C8AD00AEF058 /* AppDelegate.swift in Sources */ = {isa = PBXBuildFile; fileRef = AAE88E1423A0C8AD00AEF058 /* AppDelegate.swift */; };
		AAE88E1A23A0C8AD00AEF058 /* Main.storyboard in Resources */ = {isa = PBXBuildFile; fileRef = AAE88E1823A0C8AD00AEF058 /* Main.storyboard */; };
		AAE88E1C23A0C8AF00AEF058 /* Assets.xcassets in Resources */ = {isa = PBXBuildFile; fileRef = AAE88E1B23A0C8AF00AEF058 /* Assets.xcassets */; };
		AAE88E1F23A0C8AF00AEF058 /* LaunchScreen.storyboard in Resources */ = {isa = PBXBuildFile; fileRef = AAE88E1D23A0C8AF00AEF058 /* LaunchScreen.storyboard */; };
		AAE88E2A23A0C8AF00AEF058 /* GJContactBookTests.swift in Sources */ = {isa = PBXBuildFile; fileRef = AAE88E2923A0C8AF00AEF058 /* GJContactBookTests.swift */; };
		AAE88E3523A0C8AF00AEF058 /* GJContactBookUITests.swift in Sources */ = {isa = PBXBuildFile; fileRef = AAE88E3423A0C8AF00AEF058 /* GJContactBookUITests.swift */; };
/* End PBXBuildFile section */

/* Begin PBXContainerItemProxy section */
		AAE88E2623A0C8AF00AEF058 /* PBXContainerItemProxy */ = {
			isa = PBXContainerItemProxy;
			containerPortal = AAE88E0923A0C8AD00AEF058 /* Project object */;
			proxyType = 1;
			remoteGlobalIDString = AAE88E1023A0C8AD00AEF058;
			remoteInfo = GJContactBook;
		};
		AAE88E3123A0C8AF00AEF058 /* PBXContainerItemProxy */ = {
			isa = PBXContainerItemProxy;
			containerPortal = AAE88E0923A0C8AD00AEF058 /* Project object */;
			proxyType = 1;
			remoteGlobalIDString = AAE88E1023A0C8AD00AEF058;
			remoteInfo = GJContactBook;
		};
/* End PBXContainerItemProxy section */

/* Begin PBXFileReference section */
		AA013DBD23A3E84D00EFFF51 /* GJContactDetailRouter.swift */ = {isa = PBXFileReference; lastKnownFileType = sourcecode.swift; path = GJContactDetailRouter.swift; sourceTree = "<group>"; };
		AA013DBF23A3E8B200EFFF51 /* GJContactDetailsVC.swift */ = {isa = PBXFileReference; lastKnownFileType = sourcecode.swift; path = GJContactDetailsVC.swift; sourceTree = "<group>"; };
		AA013DC123A3E8E500EFFF51 /* GJContactDetailsVM.swift */ = {isa = PBXFileReference; lastKnownFileType = sourcecode.swift; path = GJContactDetailsVM.swift; sourceTree = "<group>"; };
		AA013DC323A3E91300EFFF51 /* GJContactDetailsTableCell.swift */ = {isa = PBXFileReference; lastKnownFileType = sourcecode.swift; path = GJContactDetailsTableCell.swift; sourceTree = "<group>"; };
		AA013DC523A3F2F400EFFF51 /* GJEditContactTableCell.swift */ = {isa = PBXFileReference; lastKnownFileType = sourcecode.swift; path = GJEditContactTableCell.swift; sourceTree = "<group>"; };
		AA013DC723A3F36300EFFF51 /* GJEditContactVM.swift */ = {isa = PBXFileReference; lastKnownFileType = sourcecode.swift; path = GJEditContactVM.swift; sourceTree = "<group>"; };
		AA013DC923A3F43100EFFF51 /* GJEditContactVC.swift */ = {isa = PBXFileReference; lastKnownFileType = sourcecode.swift; path = GJEditContactVC.swift; sourceTree = "<group>"; };
		AA013DCB23A40B4800EFFF51 /* MockAPIService.swift */ = {isa = PBXFileReference; lastKnownFileType = sourcecode.swift; path = MockAPIService.swift; sourceTree = "<group>"; };
		AA013DCD23A40C3800EFFF51 /* GJNetworkHanldlerTC.swift */ = {isa = PBXFileReference; lastKnownFileType = sourcecode.swift; path = GJNetworkHanldlerTC.swift; sourceTree = "<group>"; };
		AA013DCF23A40D2300EFFF51 /* GJContactListTC.swift */ = {isa = PBXFileReference; lastKnownFileType = sourcecode.swift; path = GJContactListTC.swift; sourceTree = "<group>"; };
		AA013DD123A40D3600EFFF51 /* GJContactDetailsTC.swift */ = {isa = PBXFileReference; lastKnownFileType = sourcecode.swift; path = GJContactDetailsTC.swift; sourceTree = "<group>"; };
		AA013DD323A40D5100EFFF51 /* GJEditContactTC.swift */ = {isa = PBXFileReference; lastKnownFileType = sourcecode.swift; path = GJEditContactTC.swift; sourceTree = "<group>"; };
		AA0A98E023A0E10B00822CDF /* GJAPIService.swift */ = {isa = PBXFileReference; lastKnownFileType = sourcecode.swift; path = GJAPIService.swift; sourceTree = "<group>"; };
		AA0A98E223A0E12100822CDF /* GJAPIRequest.swift */ = {isa = PBXFileReference; lastKnownFileType = sourcecode.swift; path = GJAPIRequest.swift; sourceTree = "<group>"; };
		AA0A98E523A0F42700822CDF /* GJContact.swift */ = {isa = PBXFileReference; lastKnownFileType = sourcecode.swift; path = GJContact.swift; sourceTree = "<group>"; };
		AA0A98E723A0F49300822CDF /* GJNetworkManager.swift */ = {isa = PBXFileReference; lastKnownFileType = sourcecode.swift; path = GJNetworkManager.swift; sourceTree = "<group>"; };
		AA0A98E923A14C7F00822CDF /* GJContactListMockResponse.json */ = {isa = PBXFileReference; fileEncoding = 4; lastKnownFileType = text.json; path = GJContactListMockResponse.json; sourceTree = "<group>"; };
		AA0A98EA23A14C7F00822CDF /* GJContactDetailsResponse.json */ = {isa = PBXFileReference; fileEncoding = 4; lastKnownFileType = text.json; path = GJContactDetailsResponse.json; sourceTree = "<group>"; };
		AA0A98F423A2716E00822CDF /* GJBaseViewController.swift */ = {isa = PBXFileReference; lastKnownFileType = sourcecode.swift; path = GJBaseViewController.swift; sourceTree = "<group>"; };
		AA0A98F623A271D300822CDF /* GJImageView.swift */ = {isa = PBXFileReference; lastKnownFileType = sourcecode.swift; path = GJImageView.swift; sourceTree = "<group>"; };
		AA0A98FC23A2740E00822CDF /* GJContactListingVC.swift */ = {isa = PBXFileReference; lastKnownFileType = sourcecode.swift; path = GJContactListingVC.swift; sourceTree = "<group>"; };
		AA0A98FE23A2742700822CDF /* GJContactListVM.swift */ = {isa = PBXFileReference; lastKnownFileType = sourcecode.swift; path = GJContactListVM.swift; sourceTree = "<group>"; };
		AA0A990023A2744600822CDF /* GJContactListTableCell.swift */ = {isa = PBXFileReference; lastKnownFileType = sourcecode.swift; path = GJContactListTableCell.swift; sourceTree = "<group>"; };
		AA0A990223A2746500822CDF /* GJContactListRouter.swift */ = {isa = PBXFileReference; lastKnownFileType = sourcecode.swift; path = GJContactListRouter.swift; sourceTree = "<group>"; };
		AAE88E1123A0C8AD00AEF058 /* GJContactBook.app */ = {isa = PBXFileReference; explicitFileType = wrapper.application; includeInIndex = 0; path = GJContactBook.app; sourceTree = BUILT_PRODUCTS_DIR; };
		AAE88E1423A0C8AD00AEF058 /* AppDelegate.swift */ = {isa = PBXFileReference; lastKnownFileType = sourcecode.swift; path = AppDelegate.swift; sourceTree = "<group>"; };
		AAE88E1923A0C8AD00AEF058 /* Base */ = {isa = PBXFileReference; lastKnownFileType = file.storyboard; name = Base; path = Base.lproj/Main.storyboard; sourceTree = "<group>"; };
		AAE88E1B23A0C8AF00AEF058 /* Assets.xcassets */ = {isa = PBXFileReference; lastKnownFileType = folder.assetcatalog; path = Assets.xcassets; sourceTree = "<group>"; };
		AAE88E1E23A0C8AF00AEF058 /* Base */ = {isa = PBXFileReference; lastKnownFileType = file.storyboard; name = Base; path = Base.lproj/LaunchScreen.storyboard; sourceTree = "<group>"; };
		AAE88E2023A0C8AF00AEF058 /* Info.plist */ = {isa = PBXFileReference; lastKnownFileType = text.plist.xml; path = Info.plist; sourceTree = "<group>"; };
		AAE88E2523A0C8AF00AEF058 /* GJContactBookTests.xctest */ = {isa = PBXFileReference; explicitFileType = wrapper.cfbundle; includeInIndex = 0; path = GJContactBookTests.xctest; sourceTree = BUILT_PRODUCTS_DIR; };
		AAE88E2923A0C8AF00AEF058 /* GJContactBookTests.swift */ = {isa = PBXFileReference; lastKnownFileType = sourcecode.swift; path = GJContactBookTests.swift; sourceTree = "<group>"; };
		AAE88E2B23A0C8AF00AEF058 /* Info.plist */ = {isa = PBXFileReference; lastKnownFileType = text.plist.xml; path = Info.plist; sourceTree = "<group>"; };
		AAE88E3023A0C8AF00AEF058 /* GJContactBookUITests.xctest */ = {isa = PBXFileReference; explicitFileType = wrapper.cfbundle; includeInIndex = 0; path = GJContactBookUITests.xctest; sourceTree = BUILT_PRODUCTS_DIR; };
		AAE88E3423A0C8AF00AEF058 /* GJContactBookUITests.swift */ = {isa = PBXFileReference; lastKnownFileType = sourcecode.swift; path = GJContactBookUITests.swift; sourceTree = "<group>"; };
		AAE88E3623A0C8AF00AEF058 /* Info.plist */ = {isa = PBXFileReference; lastKnownFileType = text.plist.xml; path = Info.plist; sourceTree = "<group>"; };
/* End PBXFileReference section */

/* Begin PBXFrameworksBuildPhase section */
		AAE88E0E23A0C8AD00AEF058 /* Frameworks */ = {
			isa = PBXFrameworksBuildPhase;
			buildActionMask = 2147483647;
			files = (
			);
			runOnlyForDeploymentPostprocessing = 0;
		};
		AAE88E2223A0C8AF00AEF058 /* Frameworks */ = {
			isa = PBXFrameworksBuildPhase;
			buildActionMask = 2147483647;
			files = (
			);
			runOnlyForDeploymentPostprocessing = 0;
		};
		AAE88E2D23A0C8AF00AEF058 /* Frameworks */ = {
			isa = PBXFrameworksBuildPhase;
			buildActionMask = 2147483647;
			files = (
			);
			runOnlyForDeploymentPostprocessing = 0;
		};
/* End PBXFrameworksBuildPhase section */

/* Begin PBXGroup section */
		AA0A98DF23A0E0E800822CDF /* APIManager */ = {
			isa = PBXGroup;
			children = (
				AA0A98E023A0E10B00822CDF /* GJAPIService.swift */,
				AA0A98E223A0E12100822CDF /* GJAPIRequest.swift */,
			);
			path = APIManager;
			sourceTree = "<group>";
		};
		AA0A98E423A0F40900822CDF /* Handler */ = {
			isa = PBXGroup;
			children = (
				AA0A98E523A0F42700822CDF /* GJContact.swift */,
				AA0A98E723A0F49300822CDF /* GJNetworkManager.swift */,
			);
			path = Handler;
			sourceTree = "<group>";
		};
		AA0A98ED23A2714000822CDF /* Utility */ = {
			isa = PBXGroup;
			children = (
				AA0A98F423A2716E00822CDF /* GJBaseViewController.swift */,
				AA0A98F623A271D300822CDF /* GJImageView.swift */,
			);
			path = Utility;
			sourceTree = "<group>";
		};
		AA0A98F823A273CC00822CDF /* Contacts */ = {
			isa = PBXGroup;
			children = (
				AA0A98F923A273CC00822CDF /* DetailStory */,
				AA0A98FA23A273CC00822CDF /* EditStory */,
				AA0A98FB23A273CC00822CDF /* ListingStory */,
			);
			path = Contacts;
			sourceTree = "<group>";
		};
		AA0A98F923A273CC00822CDF /* DetailStory */ = {
			isa = PBXGroup;
			children = (
				AA013DBD23A3E84D00EFFF51 /* GJContactDetailRouter.swift */,
				AA013DBF23A3E8B200EFFF51 /* GJContactDetailsVC.swift */,
				AA013DC123A3E8E500EFFF51 /* GJContactDetailsVM.swift */,
				AA013DC323A3E91300EFFF51 /* GJContactDetailsTableCell.swift */,
			);
			path = DetailStory;
			sourceTree = "<group>";
		};
		AA0A98FA23A273CC00822CDF /* EditStory */ = {
			isa = PBXGroup;
			children = (
				AA013DC523A3F2F400EFFF51 /* GJEditContactTableCell.swift */,
				AA013DC723A3F36300EFFF51 /* GJEditContactVM.swift */,
				AA013DC923A3F43100EFFF51 /* GJEditContactVC.swift */,
			);
			path = EditStory;
			sourceTree = "<group>";
		};
		AA0A98FB23A273CC00822CDF /* ListingStory */ = {
			isa = PBXGroup;
			children = (
				AA0A98FC23A2740E00822CDF /* GJContactListingVC.swift */,
				AA0A98FE23A2742700822CDF /* GJContactListVM.swift */,
				AA0A990023A2744600822CDF /* GJContactListTableCell.swift */,
				AA0A990223A2746500822CDF /* GJContactListRouter.swift */,
			);
			path = ListingStory;
			sourceTree = "<group>";
		};
		AAE88E0823A0C8AD00AEF058 = {
			isa = PBXGroup;
			children = (
				AAE88E1323A0C8AD00AEF058 /* GJContactBook */,
				AAE88E2823A0C8AF00AEF058 /* GJContactBookTests */,
				AAE88E3323A0C8AF00AEF058 /* GJContactBookUITests */,
				AAE88E1223A0C8AD00AEF058 /* Products */,
			);
			sourceTree = "<group>";
		};
		AAE88E1223A0C8AD00AEF058 /* Products */ = {
			isa = PBXGroup;
			children = (
				AAE88E1123A0C8AD00AEF058 /* GJContactBook.app */,
				AAE88E2523A0C8AF00AEF058 /* GJContactBookTests.xctest */,
				AAE88E3023A0C8AF00AEF058 /* GJContactBookUITests.xctest */,
			);
			name = Products;
			sourceTree = "<group>";
		};
		AAE88E1323A0C8AD00AEF058 /* GJContactBook */ = {
			isa = PBXGroup;
			children = (
				AA0A98F823A273CC00822CDF /* Contacts */,
				AA0A98ED23A2714000822CDF /* Utility */,
				AA0A98E423A0F40900822CDF /* Handler */,
				AA0A98DF23A0E0E800822CDF /* APIManager */,
				AAE88E1423A0C8AD00AEF058 /* AppDelegate.swift */,
				AAE88E1823A0C8AD00AEF058 /* Main.storyboard */,
				AAE88E1B23A0C8AF00AEF058 /* Assets.xcassets */,
				AAE88E1D23A0C8AF00AEF058 /* LaunchScreen.storyboard */,
				AAE88E2023A0C8AF00AEF058 /* Info.plist */,
			);
			path = GJContactBook;
			sourceTree = "<group>";
		};
		AAE88E2823A0C8AF00AEF058 /* GJContactBookTests */ = {
			isa = PBXGroup;
			children = (
				AA0A98EA23A14C7F00822CDF /* GJContactDetailsResponse.json */,
				AA0A98E923A14C7F00822CDF /* GJContactListMockResponse.json */,
				AAE88E2923A0C8AF00AEF058 /* GJContactBookTests.swift */,
				AAE88E2B23A0C8AF00AEF058 /* Info.plist */,
				AA013DCB23A40B4800EFFF51 /* MockAPIService.swift */,
				AA013DCD23A40C3800EFFF51 /* GJNetworkHanldlerTC.swift */,
				AA013DCF23A40D2300EFFF51 /* GJContactListTC.swift */,
				AA013DD123A40D3600EFFF51 /* GJContactDetailsTC.swift */,
				AA013DD323A40D5100EFFF51 /* GJEditContactTC.swift */,
			);
			path = GJContactBookTests;
			sourceTree = "<group>";
		};
		AAE88E3323A0C8AF00AEF058 /* GJContactBookUITests */ = {
			isa = PBXGroup;
			children = (
				AAE88E3423A0C8AF00AEF058 /* GJContactBookUITests.swift */,
				AAE88E3623A0C8AF00AEF058 /* Info.plist */,
			);
			path = GJContactBookUITests;
			sourceTree = "<group>";
		};
/* End PBXGroup section */

/* Begin PBXNativeTarget section */
		AAE88E1023A0C8AD00AEF058 /* GJContactBook */ = {
			isa = PBXNativeTarget;
			buildConfigurationList = AAE88E3923A0C8AF00AEF058 /* Build configuration list for PBXNativeTarget "GJContactBook" */;
			buildPhases = (
				AAE88E0D23A0C8AD00AEF058 /* Sources */,
				AAE88E0E23A0C8AD00AEF058 /* Frameworks */,
				AAE88E0F23A0C8AD00AEF058 /* Resources */,
			);
			buildRules = (
			);
			dependencies = (
			);
			name = GJContactBook;
			productName = GJContactBook;
			productReference = AAE88E1123A0C8AD00AEF058 /* GJContactBook.app */;
			productType = "com.apple.product-type.application";
		};
		AAE88E2423A0C8AF00AEF058 /* GJContactBookTests */ = {
			isa = PBXNativeTarget;
			buildConfigurationList = AAE88E3C23A0C8AF00AEF058 /* Build configuration list for PBXNativeTarget "GJContactBookTests" */;
			buildPhases = (
				AAE88E2123A0C8AF00AEF058 /* Sources */,
				AAE88E2223A0C8AF00AEF058 /* Frameworks */,
				AAE88E2323A0C8AF00AEF058 /* Resources */,
			);
			buildRules = (
			);
			dependencies = (
				AAE88E2723A0C8AF00AEF058 /* PBXTargetDependency */,
			);
			name = GJContactBookTests;
			productName = GJContactBookTests;
			productReference = AAE88E2523A0C8AF00AEF058 /* GJContactBookTests.xctest */;
			productType = "com.apple.product-type.bundle.unit-test";
		};
		AAE88E2F23A0C8AF00AEF058 /* GJContactBookUITests */ = {
			isa = PBXNativeTarget;
			buildConfigurationList = AAE88E3F23A0C8AF00AEF058 /* Build configuration list for PBXNativeTarget "GJContactBookUITests" */;
			buildPhases = (
				AAE88E2C23A0C8AF00AEF058 /* Sources */,
				AAE88E2D23A0C8AF00AEF058 /* Frameworks */,
				AAE88E2E23A0C8AF00AEF058 /* Resources */,
			);
			buildRules = (
			);
			dependencies = (
				AAE88E3223A0C8AF00AEF058 /* PBXTargetDependency */,
			);
			name = GJContactBookUITests;
			productName = GJContactBookUITests;
			productReference = AAE88E3023A0C8AF00AEF058 /* GJContactBookUITests.xctest */;
			productType = "com.apple.product-type.bundle.ui-testing";
		};
/* End PBXNativeTarget section */

/* Begin PBXProject section */
		AAE88E0923A0C8AD00AEF058 /* Project object */ = {
			isa = PBXProject;
			attributes = {
				LastSwiftUpdateCheck = 1010;
				LastUpgradeCheck = 1010;
				ORGANIZATIONNAME = "Mohit Jethwa";
				TargetAttributes = {
					AAE88E1023A0C8AD00AEF058 = {
						CreatedOnToolsVersion = 10.1;
					};
					AAE88E2423A0C8AF00AEF058 = {
						CreatedOnToolsVersion = 10.1;
						TestTargetID = AAE88E1023A0C8AD00AEF058;
					};
					AAE88E2F23A0C8AF00AEF058 = {
						CreatedOnToolsVersion = 10.1;
						TestTargetID = AAE88E1023A0C8AD00AEF058;
					};
				};
			};
			buildConfigurationList = AAE88E0C23A0C8AD00AEF058 /* Build configuration list for PBXProject "GJContactBook" */;
			compatibilityVersion = "Xcode 9.3";
			developmentRegion = en;
			hasScannedForEncodings = 0;
			knownRegions = (
				en,
				Base,
			);
			mainGroup = AAE88E0823A0C8AD00AEF058;
			productRefGroup = AAE88E1223A0C8AD00AEF058 /* Products */;
			projectDirPath = "";
			projectRoot = "";
			targets = (
				AAE88E1023A0C8AD00AEF058 /* GJContactBook */,
				AAE88E2423A0C8AF00AEF058 /* GJContactBookTests */,
				AAE88E2F23A0C8AF00AEF058 /* GJContactBookUITests */,
			);
		};
/* End PBXProject section */

/* Begin PBXResourcesBuildPhase section */
		AAE88E0F23A0C8AD00AEF058 /* Resources */ = {
			isa = PBXResourcesBuildPhase;
			buildActionMask = 2147483647;
			files = (
				AAE88E1F23A0C8AF00AEF058 /* LaunchScreen.storyboard in Resources */,
				AAE88E1C23A0C8AF00AEF058 /* Assets.xcassets in Resources */,
				AAE88E1A23A0C8AD00AEF058 /* Main.storyboard in Resources */,
			);
			runOnlyForDeploymentPostprocessing = 0;
		};
		AAE88E2323A0C8AF00AEF058 /* Resources */ = {
			isa = PBXResourcesBuildPhase;
			buildActionMask = 2147483647;
			files = (
				AA0A98EB23A14C8000822CDF /* GJContactListMockResponse.json in Resources */,
				AA0A98EC23A14C8000822CDF /* GJContactDetailsResponse.json in Resources */,
			);
			runOnlyForDeploymentPostprocessing = 0;
		};
		AAE88E2E23A0C8AF00AEF058 /* Resources */ = {
			isa = PBXResourcesBuildPhase;
			buildActionMask = 2147483647;
			files = (
			);
			runOnlyForDeploymentPostprocessing = 0;
		};
/* End PBXResourcesBuildPhase section */

/* Begin PBXSourcesBuildPhase section */
		AAE88E0D23A0C8AD00AEF058 /* Sources */ = {
			isa = PBXSourcesBuildPhase;
			buildActionMask = 2147483647;
			files = (
				AA013DC623A3F2F400EFFF51 /* GJEditContactTableCell.swift in Sources */,
				AA0A990123A2744600822CDF /* GJContactListTableCell.swift in Sources */,
				AA0A98FD23A2740E00822CDF /* GJContactListingVC.swift in Sources */,
				AA0A990323A2746500822CDF /* GJContactListRouter.swift in Sources */,
				AA013DC823A3F36300EFFF51 /* GJEditContactVM.swift in Sources */,
				AA013DC023A3E8B200EFFF51 /* GJContactDetailsVC.swift in Sources */,
				AA0A98F723A271D300822CDF /* GJImageView.swift in Sources */,
				AA013DC423A3E91300EFFF51 /* GJContactDetailsTableCell.swift in Sources */,
				AA013DCA23A3F43100EFFF51 /* GJEditContactVC.swift in Sources */,
				AA0A98E323A0E12100822CDF /* GJAPIRequest.swift in Sources */,
				AAE88E1523A0C8AD00AEF058 /* AppDelegate.swift in Sources */,
				AA0A98E123A0E10B00822CDF /* GJAPIService.swift in Sources */,
				AA0A98E623A0F42700822CDF /* GJContact.swift in Sources */,
				AA0A98F523A2716E00822CDF /* GJBaseViewController.swift in Sources */,
				AA0A98FF23A2742700822CDF /* GJContactListVM.swift in Sources */,
				AA0A98E823A0F49300822CDF /* GJNetworkManager.swift in Sources */,
				AA013DBE23A3E84D00EFFF51 /* GJContactDetailRouter.swift in Sources */,
				AA013DC223A3E8E500EFFF51 /* GJContactDetailsVM.swift in Sources */,
			);
			runOnlyForDeploymentPostprocessing = 0;
		};
		AAE88E2123A0C8AF00AEF058 /* Sources */ = {
			isa = PBXSourcesBuildPhase;
			buildActionMask = 2147483647;
			files = (
				AA013DD423A40D5100EFFF51 /* GJEditContactTC.swift in Sources */,
				AA013DD023A40D2300EFFF51 /* GJContactListTC.swift in Sources */,
				AA013DCE23A40C3800EFFF51 /* GJNetworkHanldlerTC.swift in Sources */,
				AA013DCC23A40B4800EFFF51 /* MockAPIService.swift in Sources */,
				AAE88E2A23A0C8AF00AEF058 /* GJContactBookTests.swift in Sources */,
				AA013DD223A40D3600EFFF51 /* GJContactDetailsTC.swift in Sources */,
			);
			runOnlyForDeploymentPostprocessing = 0;
		};
		AAE88E2C23A0C8AF00AEF058 /* Sources */ = {
			isa = PBXSourcesBuildPhase;
			buildActionMask = 2147483647;
			files = (
				AAE88E3523A0C8AF00AEF058 /* GJContactBookUITests.swift in Sources */,
			);
			runOnlyForDeploymentPostprocessing = 0;
		};
/* End PBXSourcesBuildPhase section */

/* Begin PBXTargetDependency section */
		AAE88E2723A0C8AF00AEF058 /* PBXTargetDependency */ = {
			isa = PBXTargetDependency;
			target = AAE88E1023A0C8AD00AEF058 /* GJContactBook */;
			targetProxy = AAE88E2623A0C8AF00AEF058 /* PBXContainerItemProxy */;
		};
		AAE88E3223A0C8AF00AEF058 /* PBXTargetDependency */ = {
			isa = PBXTargetDependency;
			target = AAE88E1023A0C8AD00AEF058 /* GJContactBook */;
			targetProxy = AAE88E3123A0C8AF00AEF058 /* PBXContainerItemProxy */;
		};
/* End PBXTargetDependency section */

/* Begin PBXVariantGroup section */
		AAE88E1823A0C8AD00AEF058 /* Main.storyboard */ = {
			isa = PBXVariantGroup;
			children = (
				AAE88E1923A0C8AD00AEF058 /* Base */,
			);
			name = Main.storyboard;
			sourceTree = "<group>";
		};
		AAE88E1D23A0C8AF00AEF058 /* LaunchScreen.storyboard */ = {
			isa = PBXVariantGroup;
			children = (
				AAE88E1E23A0C8AF00AEF058 /* Base */,
			);
			name = LaunchScreen.storyboard;
			sourceTree = "<group>";
		};
/* End PBXVariantGroup section */

/* Begin XCBuildConfiguration section */
		AAE88E3723A0C8AF00AEF058 /* Debug */ = {
			isa = XCBuildConfiguration;
			buildSettings = {
				ALWAYS_SEARCH_USER_PATHS = NO;
				CLANG_ANALYZER_NONNULL = YES;
				CLANG_ANALYZER_NUMBER_OBJECT_CONVERSION = YES_AGGRESSIVE;
				CLANG_CXX_LANGUAGE_STANDARD = "gnu++14";
				CLANG_CXX_LIBRARY = "libc++";
				CLANG_ENABLE_MODULES = YES;
				CLANG_ENABLE_OBJC_ARC = YES;
				CLANG_ENABLE_OBJC_WEAK = YES;
				CLANG_WARN_BLOCK_CAPTURE_AUTORELEASING = YES;
				CLANG_WARN_BOOL_CONVERSION = YES;
				CLANG_WARN_COMMA = YES;
				CLANG_WARN_CONSTANT_CONVERSION = YES;
				CLANG_WARN_DEPRECATED_OBJC_IMPLEMENTATIONS = YES;
				CLANG_WARN_DIRECT_OBJC_ISA_USAGE = YES_ERROR;
				CLANG_WARN_DOCUMENTATION_COMMENTS = YES;
				CLANG_WARN_EMPTY_BODY = YES;
				CLANG_WARN_ENUM_CONVERSION = YES;
				CLANG_WARN_INFINITE_RECURSION = YES;
				CLANG_WARN_INT_CONVERSION = YES;
				CLANG_WARN_NON_LITERAL_NULL_CONVERSION = YES;
				CLANG_WARN_OBJC_IMPLICIT_RETAIN_SELF = YES;
				CLANG_WARN_OBJC_LITERAL_CONVERSION = YES;
				CLANG_WARN_OBJC_ROOT_CLASS = YES_ERROR;
				CLANG_WARN_RANGE_LOOP_ANALYSIS = YES;
				CLANG_WARN_STRICT_PROTOTYPES = YES;
				CLANG_WARN_SUSPICIOUS_MOVE = YES;
				CLANG_WARN_UNGUARDED_AVAILABILITY = YES_AGGRESSIVE;
				CLANG_WARN_UNREACHABLE_CODE = YES;
				CLANG_WARN__DUPLICATE_METHOD_MATCH = YES;
				CODE_SIGN_IDENTITY = "iPhone Developer";
				COPY_PHASE_STRIP = NO;
				DEBUG_INFORMATION_FORMAT = dwarf;
				ENABLE_STRICT_OBJC_MSGSEND = YES;
				ENABLE_TESTABILITY = YES;
				GCC_C_LANGUAGE_STANDARD = gnu11;
				GCC_DYNAMIC_NO_PIC = NO;
				GCC_NO_COMMON_BLOCKS = YES;
				GCC_OPTIMIZATION_LEVEL = 0;
				GCC_PREPROCESSOR_DEFINITIONS = (
					"DEBUG=1",
					"$(inherited)",
				);
				GCC_WARN_64_TO_32_BIT_CONVERSION = YES;
				GCC_WARN_ABOUT_RETURN_TYPE = YES_ERROR;
				GCC_WARN_UNDECLARED_SELECTOR = YES;
				GCC_WARN_UNINITIALIZED_AUTOS = YES_AGGRESSIVE;
				GCC_WARN_UNUSED_FUNCTION = YES;
				GCC_WARN_UNUSED_VARIABLE = YES;
				IPHONEOS_DEPLOYMENT_TARGET = 12.1;
				MTL_ENABLE_DEBUG_INFO = INCLUDE_SOURCE;
				MTL_FAST_MATH = YES;
				ONLY_ACTIVE_ARCH = YES;
				SDKROOT = iphoneos;
				SWIFT_ACTIVE_COMPILATION_CONDITIONS = DEBUG;
				SWIFT_OPTIMIZATION_LEVEL = "-Onone";
			};
			name = Debug;
		};
		AAE88E3823A0C8AF00AEF058 /* Release */ = {
			isa = XCBuildConfiguration;
			buildSettings = {
				ALWAYS_SEARCH_USER_PATHS = NO;
				CLANG_ANALYZER_NONNULL = YES;
				CLANG_ANALYZER_NUMBER_OBJECT_CONVERSION = YES_AGGRESSIVE;
				CLANG_CXX_LANGUAGE_STANDARD = "gnu++14";
				CLANG_CXX_LIBRARY = "libc++";
				CLANG_ENABLE_MODULES = YES;
				CLANG_ENABLE_OBJC_ARC = YES;
				CLANG_ENABLE_OBJC_WEAK = YES;
				CLANG_WARN_BLOCK_CAPTURE_AUTORELEASING = YES;
				CLANG_WARN_BOOL_CONVERSION = YES;
				CLANG_WARN_COMMA = YES;
				CLANG_WARN_CONSTANT_CONVERSION = YES;
				CLANG_WARN_DEPRECATED_OBJC_IMPLEMENTATIONS = YES;
				CLANG_WARN_DIRECT_OBJC_ISA_USAGE = YES_ERROR;
				CLANG_WARN_DOCUMENTATION_COMMENTS = YES;
				CLANG_WARN_EMPTY_BODY = YES;
				CLANG_WARN_ENUM_CONVERSION = YES;
				CLANG_WARN_INFINITE_RECURSION = YES;
				CLANG_WARN_INT_CONVERSION = YES;
				CLANG_WARN_NON_LITERAL_NULL_CONVERSION = YES;
				CLANG_WARN_OBJC_IMPLICIT_RETAIN_SELF = YES;
				CLANG_WARN_OBJC_LITERAL_CONVERSION = YES;
				CLANG_WARN_OBJC_ROOT_CLASS = YES_ERROR;
				CLANG_WARN_RANGE_LOOP_ANALYSIS = YES;
				CLANG_WARN_STRICT_PROTOTYPES = YES;
				CLANG_WARN_SUSPICIOUS_MOVE = YES;
				CLANG_WARN_UNGUARDED_AVAILABILITY = YES_AGGRESSIVE;
				CLANG_WARN_UNREACHABLE_CODE = YES;
				CLANG_WARN__DUPLICATE_METHOD_MATCH = YES;
				CODE_SIGN_IDENTITY = "iPhone Developer";
				COPY_PHASE_STRIP = NO;
				DEBUG_INFORMATION_FORMAT = "dwarf-with-dsym";
				ENABLE_NS_ASSERTIONS = NO;
				ENABLE_STRICT_OBJC_MSGSEND = YES;
				GCC_C_LANGUAGE_STANDARD = gnu11;
				GCC_NO_COMMON_BLOCKS = YES;
				GCC_WARN_64_TO_32_BIT_CONVERSION = YES;
				GCC_WARN_ABOUT_RETURN_TYPE = YES_ERROR;
				GCC_WARN_UNDECLARED_SELECTOR = YES;
				GCC_WARN_UNINITIALIZED_AUTOS = YES_AGGRESSIVE;
				GCC_WARN_UNUSED_FUNCTION = YES;
				GCC_WARN_UNUSED_VARIABLE = YES;
				IPHONEOS_DEPLOYMENT_TARGET = 12.1;
				MTL_ENABLE_DEBUG_INFO = NO;
				MTL_FAST_MATH = YES;
				SDKROOT = iphoneos;
				SWIFT_COMPILATION_MODE = wholemodule;
				SWIFT_OPTIMIZATION_LEVEL = "-O";
				VALIDATE_PRODUCT = YES;
			};
			name = Release;
		};
		AAE88E3A23A0C8AF00AEF058 /* Debug */ = {
			isa = XCBuildConfiguration;
			buildSettings = {
				ASSETCATALOG_COMPILER_APPICON_NAME = AppIcon;
				CODE_SIGN_STYLE = Automatic;
				DEVELOPMENT_TEAM = 3525CH98VP;
				INFOPLIST_FILE = GJContactBook/Info.plist;
				LD_RUNPATH_SEARCH_PATHS = (
					"$(inherited)",
					"@executable_path/Frameworks",
				);
				PRODUCT_BUNDLE_IDENTIFIER = com.gj.contactbook.GJContactBook;
				PRODUCT_NAME = "$(TARGET_NAME)";
				SWIFT_VERSION = 4.2;
				TARGETED_DEVICE_FAMILY = "1,2";
			};
			name = Debug;
		};
		AAE88E3B23A0C8AF00AEF058 /* Release */ = {
			isa = XCBuildConfiguration;
			buildSettings = {
				ASSETCATALOG_COMPILER_APPICON_NAME = AppIcon;
				CODE_SIGN_STYLE = Automatic;
				DEVELOPMENT_TEAM = 3525CH98VP;
				INFOPLIST_FILE = GJContactBook/Info.plist;
				LD_RUNPATH_SEARCH_PATHS = (
					"$(inherited)",
					"@executable_path/Frameworks",
				);
				PRODUCT_BUNDLE_IDENTIFIER = com.gj.contactbook.GJContactBook;
				PRODUCT_NAME = "$(TARGET_NAME)";
				SWIFT_VERSION = 4.2;
				TARGETED_DEVICE_FAMILY = "1,2";
			};
			name = Release;
		};
		AAE88E3D23A0C8AF00AEF058 /* Debug */ = {
			isa = XCBuildConfiguration;
			buildSettings = {
				ALWAYS_EMBED_SWIFT_STANDARD_LIBRARIES = YES;
				BUNDLE_LOADER = "$(TEST_HOST)";
				CODE_SIGN_STYLE = Automatic;
				DEVELOPMENT_TEAM = 3525CH98VP;
				INFOPLIST_FILE = GJContactBookTests/Info.plist;
				LD_RUNPATH_SEARCH_PATHS = (
					"$(inherited)",
					"@executable_path/Frameworks",
					"@loader_path/Frameworks",
				);
				PRODUCT_BUNDLE_IDENTIFIER = com.gj.contactbook.GJContactBookTests;
				PRODUCT_NAME = "$(TARGET_NAME)";
				SWIFT_VERSION = 4.2;
				TARGETED_DEVICE_FAMILY = "1,2";
				TEST_HOST = "$(BUILT_PRODUCTS_DIR)/GJContactBook.app/GJContactBook";
			};
			name = Debug;
		};
		AAE88E3E23A0C8AF00AEF058 /* Release */ = {
			isa = XCBuildConfiguration;
			buildSettings = {
				ALWAYS_EMBED_SWIFT_STANDARD_LIBRARIES = YES;
				BUNDLE_LOADER = "$(TEST_HOST)";
				CODE_SIGN_STYLE = Automatic;
				DEVELOPMENT_TEAM = 3525CH98VP;
				INFOPLIST_FILE = GJContactBookTests/Info.plist;
				LD_RUNPATH_SEARCH_PATHS = (
					"$(inherited)",
					"@executable_path/Frameworks",
					"@loader_path/Frameworks",
				);
				PRODUCT_BUNDLE_IDENTIFIER = com.gj.contactbook.GJContactBookTests;
				PRODUCT_NAME = "$(TARGET_NAME)";
				SWIFT_VERSION = 4.2;
				TARGETED_DEVICE_FAMILY = "1,2";
				TEST_HOST = "$(BUILT_PRODUCTS_DIR)/GJContactBook.app/GJContactBook";
			};
			name = Release;
		};
		AAE88E4023A0C8AF00AEF058 /* Debug */ = {
			isa = XCBuildConfiguration;
			buildSettings = {
				ALWAYS_EMBED_SWIFT_STANDARD_LIBRARIES = YES;
				CODE_SIGN_STYLE = Automatic;
				DEVELOPMENT_TEAM = 3525CH98VP;
				INFOPLIST_FILE = GJContactBookUITests/Info.plist;
				LD_RUNPATH_SEARCH_PATHS = (
					"$(inherited)",
					"@executable_path/Frameworks",
					"@loader_path/Frameworks",
				);
				PRODUCT_BUNDLE_IDENTIFIER = com.gj.contactbook.GJContactBookUITests;
				PRODUCT_NAME = "$(TARGET_NAME)";
				SWIFT_VERSION = 4.2;
				TARGETED_DEVICE_FAMILY = "1,2";
				TEST_TARGET_NAME = GJContactBook;
			};
			name = Debug;
		};
		AAE88E4123A0C8AF00AEF058 /* Release */ = {
			isa = XCBuildConfiguration;
			buildSettings = {
				ALWAYS_EMBED_SWIFT_STANDARD_LIBRARIES = YES;
				CODE_SIGN_STYLE = Automatic;
				DEVELOPMENT_TEAM = 3525CH98VP;
				INFOPLIST_FILE = GJContactBookUITests/Info.plist;
				LD_RUNPATH_SEARCH_PATHS = (
					"$(inherited)",
					"@executable_path/Frameworks",
					"@loader_path/Frameworks",
				);
				PRODUCT_BUNDLE_IDENTIFIER = com.gj.contactbook.GJContactBookUITests;
				PRODUCT_NAME = "$(TARGET_NAME)";
				SWIFT_VERSION = 4.2;
				TARGETED_DEVICE_FAMILY = "1,2";
				TEST_TARGET_NAME = GJContactBook;
			};
			name = Release;
		};
/* End XCBuildConfiguration section */

/* Begin XCConfigurationList section */
		AAE88E0C23A0C8AD00AEF058 /* Build configuration list for PBXProject "GJContactBook" */ = {
			isa = XCConfigurationList;
			buildConfigurations = (
				AAE88E3723A0C8AF00AEF058 /* Debug */,
				AAE88E3823A0C8AF00AEF058 /* Release */,
			);
			defaultConfigurationIsVisible = 0;
			defaultConfigurationName = Release;
		};
		AAE88E3923A0C8AF00AEF058 /* Build configuration list for PBXNativeTarget "GJContactBook" */ = {
			isa = XCConfigurationList;
			buildConfigurations = (
				AAE88E3A23A0C8AF00AEF058 /* Debug */,
				AAE88E3B23A0C8AF00AEF058 /* Release */,
			);
			defaultConfigurationIsVisible = 0;
			defaultConfigurationName = Release;
		};
		AAE88E3C23A0C8AF00AEF058 /* Build configuration list for PBXNativeTarget "GJContactBookTests" */ = {
			isa = XCConfigurationList;
			buildConfigurations = (
				AAE88E3D23A0C8AF00AEF058 /* Debug */,
				AAE88E3E23A0C8AF00AEF058 /* Release */,
			);
			defaultConfigurationIsVisible = 0;
			defaultConfigurationName = Release;
		};
		AAE88E3F23A0C8AF00AEF058 /* Build configuration list for PBXNativeTarget "GJContactBookUITests" */ = {
			isa = XCConfigurationList;
			buildConfigurations = (
				AAE88E4023A0C8AF00AEF058 /* Debug */,
				AAE88E4123A0C8AF00AEF058 /* Release */,
			);
			defaultConfigurationIsVisible = 0;
			defaultConfigurationName = Release;
		};
/* End XCConfigurationList section */
	};
	rootObject = AAE88E0923A0C8AD00AEF058 /* Project object */;
}
